{
  "name": "mdconf-loader",
  "version": "1.0.0",
  "lockfileVersion": 1,
  "requires": true,
  "dependencies": {
    "marked": {
      "version": "0.2.10",
      "resolved": "https://registry.npmjs.org/marked/-/marked-0.2.10.tgz",
      "integrity": "sha1-1f1oJxyq5hxV0pHQe9UDTP9ec+4="
    },
    "mdconf": {
      "version": "0.0.2",
      "resolved": "https://registry.npmjs.org/mdconf/-/mdconf-0.0.2.tgz",
      "integrity": "sha1-we3+3lcWkyYdP1m1yGnaSe8f8sU=",
      "requires": {
        "marked": "~0.2.9"
      }
    }
  }
}
