{
  "name": "mdconf-loader",
  "version": "1.0.0",
  "lockfileVersion": 1,
  "requires": true,
  "dependencies": {
    "marked": {
      "version": "0.2.10",
      "resolved": "https://registry.npmjs.org/marked/-/marked-0.2.10.tgz",
      "integrity": "sha1-1f1oJxyq5hxV0pHQe9UDTP9ec+4="
    },
    "mdconf": {
      "version": "git+https://github.com/kristiandupont/mdconf.git#acc8f44ad11f1b4fa98f0a81230b0d40bf7b8da7",
      "from": "git+https://github.com/kristiandupont/mdconf.git",
      "requires": {
        "marked": "~0.2.9"
      }
    }
  }
}
