{
  "name": "mdconf-loader",
  "version": "1.0.0",
  "lockfileVersion": 1,
  "requires": true,
  "dependencies": {
    "marked": {
      "version": "0.6.1",
      "resolved": "https://registry.npmjs.org/marked/-/marked-0.6.1.tgz",
      "integrity": "sha512-+H0L3ibcWhAZE02SKMqmvYsErLo4EAVJxu5h3bHBBDvvjeWXtl92rGUSBYHL2++5Y+RSNgl8dYOAXcYe7lp1fA=="
    },
    "mdconf": {
      "version": "git+https://github.com/kristiandupont/mdconf.git#a71812ef2cb04cd25564f226afa1c51c1389945d",
      "from": "git+https://github.com/kristiandupont/mdconf.git",
      "requires": {
        "marked": "^0.6.1"
      }
    }
  }
}
